
Microsoft Visual Studio Solution File, Format Version 12.00
# Visual Studio Version 17
VisualStudioVersion = 17.9.34526.213
MinimumVisualStudioVersion = 10.0.40219.1
Project("{FAE04EC0-301F-11D3-BF4B-00C04F79EFBC}") = "Basic_oops", "Basic_oops\Basic_oops.csproj", "{495EAFFD-C6EF-49BA-90A1-842BFD700326}"
EndProject
Global
	GlobalSection(SolutionConfigurationPlatforms) = preSolution
		Debug|Any CPU = Debug|Any CPU
		Release|Any CPU = Release|Any CPU
	EndGlobalSection
	GlobalSection(ProjectConfigurationPlatforms) = postSolution
		{495EAFFD-C6EF-49BA-90A1-842BFD700326}.Debug|Any CPU.ActiveCfg = Debug|Any CPU
		{495EAFFD-C6EF-49BA-90A1-842BFD700326}.Debug|Any CPU.Build.0 = Debug|Any CPU
		{495EAFFD-C6EF-49BA-90A1-842BFD700326}.Release|Any CPU.ActiveCfg = Release|Any CPU
		{495EAFFD-C6EF-49BA-90A1-842BFD700326}.Release|Any CPU.Build.0 = Release|Any CPU
	EndGlobalSection
	GlobalSection(SolutionProperties) = preSolution
		HideSolutionNode = FALSE
	EndGlobalSection
	GlobalSection(ExtensibilityGlobals) = postSolution
		SolutionGuid = {98C0938D-0577-4425-8D4A-168FADF36893}
	EndGlobalSection
EndGlobal
