
Microsoft Visual Studio Solution File, Format Version 12.00
# Visual Studio Version 17
VisualStudioVersion = 17.9.34526.213
MinimumVisualStudioVersion = 10.0.40219.1
Project("{FAE04EC0-301F-11D3-BF4B-00C04F79EFBC}") = "MultilevelInh", "MultilevelInh\MultilevelInh.csproj", "{447238A6-C269-491B-BF45-C19A8B754996}"
EndProject
Global
	GlobalSection(SolutionConfigurationPlatforms) = preSolution
		Debug|Any CPU = Debug|Any CPU
		Release|Any CPU = Release|Any CPU
	EndGlobalSection
	GlobalSection(ProjectConfigurationPlatforms) = postSolution
		{447238A6-C269-491B-BF45-C19A8B754996}.Debug|Any CPU.ActiveCfg = Debug|Any CPU
		{447238A6-C269-491B-BF45-C19A8B754996}.Debug|Any CPU.Build.0 = Debug|Any CPU
		{447238A6-C269-491B-BF45-C19A8B754996}.Release|Any CPU.ActiveCfg = Release|Any CPU
		{447238A6-C269-491B-BF45-C19A8B754996}.Release|Any CPU.Build.0 = Release|Any CPU
	EndGlobalSection
	GlobalSection(SolutionProperties) = preSolution
		HideSolutionNode = FALSE
	EndGlobalSection
	GlobalSection(ExtensibilityGlobals) = postSolution
		SolutionGuid = {6B171218-F754-4D8F-9CAB-D5FCAA19FD30}
	EndGlobalSection
EndGlobal
