
Microsoft Visual Studio Solution File, Format Version 12.00
# Visual Studio Version 17
VisualStudioVersion = 17.9.34526.213
MinimumVisualStudioVersion = 10.0.40219.1
Project("{FAE04EC0-301F-11D3-BF4B-00C04F79EFBC}") = "Calendar", "Calendar\Calendar.csproj", "{66C83B0D-A992-4996-9C39-108DA9CD4841}"
EndProject
Global
	GlobalSection(SolutionConfigurationPlatforms) = preSolution
		Debug|Any CPU = Debug|Any CPU
		Release|Any CPU = Release|Any CPU
	EndGlobalSection
	GlobalSection(ProjectConfigurationPlatforms) = postSolution
		{66C83B0D-A992-4996-9C39-108DA9CD4841}.Debug|Any CPU.ActiveCfg = Debug|Any CPU
		{66C83B0D-A992-4996-9C39-108DA9CD4841}.Debug|Any CPU.Build.0 = Debug|Any CPU
		{66C83B0D-A992-4996-9C39-108DA9CD4841}.Release|Any CPU.ActiveCfg = Release|Any CPU
		{66C83B0D-A992-4996-9C39-108DA9CD4841}.Release|Any CPU.Build.0 = Release|Any CPU
	EndGlobalSection
	GlobalSection(SolutionProperties) = preSolution
		HideSolutionNode = FALSE
	EndGlobalSection
	GlobalSection(ExtensibilityGlobals) = postSolution
		SolutionGuid = {BDD4C0E5-BC77-485B-A118-83983D86B816}
	EndGlobalSection
EndGlobal
