
Microsoft Visual Studio Solution File, Format Version 12.00
# Visual Studio Version 17
VisualStudioVersion = 17.9.34526.213
MinimumVisualStudioVersion = 10.0.40219.1
Project("{FAE04EC0-301F-11D3-BF4B-00C04F79EFBC}") = "CookieDemo", "CookieDemo\CookieDemo.csproj", "{40983ADA-9F7A-4A65-8335-219BBB972896}"
EndProject
Global
	GlobalSection(SolutionConfigurationPlatforms) = preSolution
		Debug|Any CPU = Debug|Any CPU
		Release|Any CPU = Release|Any CPU
	EndGlobalSection
	GlobalSection(ProjectConfigurationPlatforms) = postSolution
		{40983ADA-9F7A-4A65-8335-219BBB972896}.Debug|Any CPU.ActiveCfg = Debug|Any CPU
		{40983ADA-9F7A-4A65-8335-219BBB972896}.Debug|Any CPU.Build.0 = Debug|Any CPU
		{40983ADA-9F7A-4A65-8335-219BBB972896}.Release|Any CPU.ActiveCfg = Release|Any CPU
		{40983ADA-9F7A-4A65-8335-219BBB972896}.Release|Any CPU.Build.0 = Release|Any CPU
	EndGlobalSection
	GlobalSection(SolutionProperties) = preSolution
		HideSolutionNode = FALSE
	EndGlobalSection
	GlobalSection(ExtensibilityGlobals) = postSolution
		SolutionGuid = {98220556-30F0-4BE2-92FC-8A63F8EB397E}
	EndGlobalSection
EndGlobal
